
Microsoft Visual Studio Solution File, Format Version 12.00
# Visual Studio Version 17
VisualStudioVersion = 17.13.35825.156 d17.13
MinimumVisualStudioVersion = 10.0.40219.1
Project("{888888A0-9F3D-457C-B088-3A5042F75D52}") = "Email_Spam_Classifier", "Email_Spam_Classifier.pyproj", "{1C65AD95-5701-4199-B75D-4AC406FB0DAE}"
EndProject
Global
	GlobalSection(SolutionConfigurationPlatforms) = preSolution
		Debug|Any CPU = Debug|Any CPU
		Release|Any CPU = Release|Any CPU
	EndGlobalSection
	GlobalSection(ProjectConfigurationPlatforms) = postSolution
		{1C65AD95-5701-4199-B75D-4AC406FB0DAE}.Debug|Any CPU.ActiveCfg = Debug|Any CPU
		{1C65AD95-5701-4199-B75D-4AC406FB0DAE}.Release|Any CPU.ActiveCfg = Release|Any CPU
	EndGlobalSection
	GlobalSection(SolutionProperties) = preSolution
		HideSolutionNode = FALSE
	EndGlobalSection
	GlobalSection(ExtensibilityGlobals) = postSolution
		SolutionGuid = {D9CD9F5B-2E88-4F23-86C4-BFE672110DA3}
	EndGlobalSection
EndGlobal
